
Microsoft Visual Studio Solution File, Format Version 12.00
# Visual Studio Version 17
VisualStudioVersion = 17.5.33530.505
MinimumVisualStudioVersion = 10.0.40219.1
Project("{FAE04EC0-301F-11D3-BF4B-00C04F79EFBC}") = "7_nuget", "7_nuget.csproj", "{9585A6FB-9D56-4069-8F98-F1C8DF95CEEB}"
EndProject
Global
	GlobalSection(SolutionConfigurationPlatforms) = preSolution
		Debug|Any CPU = Debug|Any CPU
		Release|Any CPU = Release|Any CPU
	EndGlobalSection
	GlobalSection(ProjectConfigurationPlatforms) = postSolution
		{9585A6FB-9D56-4069-8F98-F1C8DF95CEEB}.Debug|Any CPU.ActiveCfg = Debug|Any CPU
		{9585A6FB-9D56-4069-8F98-F1C8DF95CEEB}.Debug|Any CPU.Build.0 = Debug|Any CPU
		{9585A6FB-9D56-4069-8F98-F1C8DF95CEEB}.Release|Any CPU.ActiveCfg = Release|Any CPU
		{9585A6FB-9D56-4069-8F98-F1C8DF95CEEB}.Release|Any CPU.Build.0 = Release|Any CPU
	EndGlobalSection
	GlobalSection(SolutionProperties) = preSolution
		HideSolutionNode = FALSE
	EndGlobalSection
	GlobalSection(ExtensibilityGlobals) = postSolution
		SolutionGuid = {C31D4E2D-EE23-43D4-835E-C127C33D69EE}
	EndGlobalSection
EndGlobal
